
Microsoft Visual Studio Solution File, Format Version 12.00
Project("{8BC9CEB8-8B4A-11D0-8D11-00A0C91BC942}") = "oloprox", "oloprox\oloprox.vcxproj", "{992F11A1-97EC-426D-9F6B-45E2ABF4AFEF}"
EndProject
Project("{2150E333-8FDC-42A3-9474-1A3956D46DE8}") = "Tools", "Tools", "{05398648-54D8-4F8A-BAEF-69C66D1334EA}"
EndProject
Project("{8BC9CEB8-8B4A-11D0-8D11-00A0C91BC942}") = "discord-bot", "discord-bot\discord-bot.vcxproj", "{6E21AFF5-4271-4561-8910-5FFD6C2C9167}"
EndProject
Project("{8BC9CEB8-8B4A-11D0-8D11-00A0C91BC942}") = "tool-sync-file", "tools\tool-sync-file\tool-sync-file.vcxproj", "{A85775BD-74B7-40AC-AB8A-771A35C846B0}"
EndProject
Global
	GlobalSection(SolutionConfigurationPlatforms) = preSolution
		Debug|x64 = Debug|x64
		Release|x64 = Release|x64
	EndGlobalSection
	GlobalSection(ProjectConfigurationPlatforms) = postSolution
		{992F11A1-97EC-426D-9F6B-45E2ABF4AFEF}.Debug|x64.ActiveCfg = Debug|x64
		{992F11A1-97EC-426D-9F6B-45E2ABF4AFEF}.Release|x64.ActiveCfg = Release|x64
		{6E21AFF5-4271-4561-8910-5FFD6C2C9167}.Debug|x64.ActiveCfg = Debug|x64
		{6E21AFF5-4271-4561-8910-5FFD6C2C9167}.Release|x64.ActiveCfg = Release|x64
		{A85775BD-74B7-40AC-AB8A-771A35C846B0}.Debug|x64.ActiveCfg = Debug|x64
		{A85775BD-74B7-40AC-AB8A-771A35C846B0}.Debug|x64.Build.0 = Debug|x64
		{A85775BD-74B7-40AC-AB8A-771A35C846B0}.Release|x64.ActiveCfg = Release|x64
		{A85775BD-74B7-40AC-AB8A-771A35C846B0}.Release|x64.Build.0 = Release|x64
	EndGlobalSection
	GlobalSection(NestedProjects) = preSolution
		{A85775BD-74B7-40AC-AB8A-771A35C846B0} = {05398648-54D8-4F8A-BAEF-69C66D1334EA}
	EndGlobalSection
EndGlobal
